
Microsoft Visual Studio Solution File, Format Version 12.00
# Visual Studio Version 17
VisualStudioVersion = 17.14.36202.13 d17.14
MinimumVisualStudioVersion = 10.0.40219.1
Project("{FAE04EC0-301F-11D3-BF4B-00C04F79EFBC}") = "GeminiSharp", "GeminiSharp\GeminiSharp.csproj", "{6B516447-ACFA-4586-862B-0E1F5C86DEF5}"
EndProject
Global
	GlobalSection(SolutionConfigurationPlatforms) = preSolution
		Debug|Any CPU = Debug|Any CPU
		Release|Any CPU = Release|Any CPU
	EndGlobalSection
	GlobalSection(ProjectConfigurationPlatforms) = postSolution
		{6B516447-ACFA-4586-862B-0E1F5C86DEF5}.Debug|Any CPU.ActiveCfg = Debug|Any CPU
		{6B516447-ACFA-4586-862B-0E1F5C86DEF5}.Debug|Any CPU.Build.0 = Debug|Any CPU
		{6B516447-ACFA-4586-862B-0E1F5C86DEF5}.Release|Any CPU.ActiveCfg = Release|Any CPU
		{6B516447-ACFA-4586-862B-0E1F5C86DEF5}.Release|Any CPU.Build.0 = Release|Any CPU
	EndGlobalSection
	GlobalSection(SolutionProperties) = preSolution
		HideSolutionNode = FALSE
	EndGlobalSection
	GlobalSection(ExtensibilityGlobals) = postSolution
		SolutionGuid = {7EE1F0EF-D67D-4B50-81DE-FD93C6C9CB6D}
	EndGlobalSection
EndGlobal
